// !$*UTF8*$!
{
	archiveVersion = 1;
	classes = {
	};
	objectVersion = 77;
	objects = {

/* Begin PBXBuildFile section */
		008EE778340BE4732BEEEB78 /* StepStore.swift in Sources */ = {isa = PBXBuildFile; fileRef = 7DFF6F87471AB7D83FECF439 /* StepStore.swift */; };
		0135111E2FFB358AAD3B443E /* MCApp.swift in Sources */ = {isa = PBXBuildFile; fileRef = B95ABDF09E04E8707353970F /* MCApp.swift */; };
		01F50CB8C8BFE199D80BD2FD /* BoardStore.swift in Sources */ = {isa = PBXBuildFile; fileRef = 47A5C515DE3C5F6A13019A21 /* BoardStore.swift */; };
		073C2BADF79FD9091C6809BA /* TagFilterBar.swift in Sources */ = {isa = PBXBuildFile; fileRef = 75560BB87D290CC2A27EDE06 /* TagFilterBar.swift */; };
		08DF77EC59AA6455698ADF31 /* MessageStore.swift in Sources */ = {isa = PBXBuildFile; fileRef = 8E1BA2D37ABB70A3792A21D7 /* MessageStore.swift */; };
		0A2D1E1CF8E850795FB84DB8 /* CreateTaskView.swift in Sources */ = {isa = PBXBuildFile; fileRef = C749E2111D086C02CC489702 /* CreateTaskView.swift */; };
		0A4C21BBAE654EA681A37D71 /* MCFile.swift in Sources */ = {isa = PBXBuildFile; fileRef = BE373C91E5ED7F8BF94C61B0 /* MCFile.swift */; };
		0B6D808BC878C65E51FA7D4C /* KeychainManager.swift in Sources */ = {isa = PBXBuildFile; fileRef = 9AEFC20887678AA911727980 /* KeychainManager.swift */; };
		0B6E7A3E3D571DEABC12BEB6 /* BoardStore.swift in Sources */ = {isa = PBXBuildFile; fileRef = 47A5C515DE3C5F6A13019A21 /* BoardStore.swift */; };
		0CA44DF96BD3BBF07B6E912F /* DeepLinkHandler.swift in Sources */ = {isa = PBXBuildFile; fileRef = 682E2E06F34F2B0E329F4586 /* DeepLinkHandler.swift */; };
		0F936C14C73813A05B3C2CD8 /* AgentStore.swift in Sources */ = {isa = PBXBuildFile; fileRef = 9F1C462584562B481732D3E7 /* AgentStore.swift */; };
		11F5832402B5E5E3D2F16486 /* Assets.xcassets in Resources */ = {isa = PBXBuildFile; fileRef = CFC5480EDEA424931815A969 /* Assets.xcassets */; };
		1250A3756CAEFE36702D061E /* TaskActionsMenu.swift in Sources */ = {isa = PBXBuildFile; fileRef = 58E3340AFC3A1DF8C7401F9F /* TaskActionsMenu.swift */; };
		129F927DD49531AE42AF1F24 /* TaskStore.swift in Sources */ = {isa = PBXBuildFile; fileRef = 2CDD7B141F8B5ADC3C433EFD /* TaskStore.swift */; };
		1302AA959216014E5929BAD3 /* ThreadMessageView.swift in Sources */ = {isa = PBXBuildFile; fileRef = 3F7C95D74CFC0B1B8D2656BB /* ThreadMessageView.swift */; };
		15209736D47357C32B5285E3 /* MCStep.swift in Sources */ = {isa = PBXBuildFile; fileRef = 8CAB0F9ACAE92664F5C2D74A /* MCStep.swift */; };
		17ECEE41288A55A6DC12C4C3 /* ModelTierSettingsView.swift in Sources */ = {isa = PBXBuildFile; fileRef = 58D081038A2DDAAEBD903824 /* ModelTierSettingsView.swift */; };
		1871C0A7827040FCB23DBC2A /* StepCardView.swift in Sources */ = {isa = PBXBuildFile; fileRef = 42F60C027CB31F0625A3B651 /* StepCardView.swift */; };
		190A86F7D37DB910FDA4CE10 /* AgentChatView.swift in Sources */ = {isa = PBXBuildFile; fileRef = C3A790287BF3DE9FE1C04FBC /* AgentChatView.swift */; };
		1A44E4F41F589C8A4CC235F3 /* TaskStore.swift in Sources */ = {isa = PBXBuildFile; fileRef = 2CDD7B141F8B5ADC3C433EFD /* TaskStore.swift */; };
		1C61AE82FD6B707BFAC9A40B /* BoardSettingsView.swift in Sources */ = {isa = PBXBuildFile; fileRef = 1CE97C971B36D67C6F351DD0 /* BoardSettingsView.swift */; };
		1F25B05F4B5BC0F98762AC67 /* MCAgent.swift in Sources */ = {isa = PBXBuildFile; fileRef = 1A4687D9D5B9E2279B1A7907 /* MCAgent.swift */; };
		1F348178A7AD1D8524E75D6C /* ActivityStore.swift in Sources */ = {isa = PBXBuildFile; fileRef = 2275DD6DBBC60C1D3D410722 /* ActivityStore.swift */; };
		205588C9F1546147B7A22ADD /* AgentDetailView.swift in Sources */ = {isa = PBXBuildFile; fileRef = F2EABAA1805C11943BBA78E7 /* AgentDetailView.swift */; };
		21D89807EC0765DC2A1A912B /* ChatStore.swift in Sources */ = {isa = PBXBuildFile; fileRef = 9044F436D9B339E09DD28878 /* ChatStore.swift */; };
		22F690D34C64649C24EC6D8E /* TagSettingsView.swift in Sources */ = {isa = PBXBuildFile; fileRef = 745F0D693272EC67FDEDB5DA /* TagSettingsView.swift */; };
		271690197E46C114A62F4D7F /* TagStore.swift in Sources */ = {isa = PBXBuildFile; fileRef = 4163BB2C79F0827B87D7E282 /* TagStore.swift */; };
		2BFC3F20BCD507AA30D261AD /* FilesTabView.swift in Sources */ = {isa = PBXBuildFile; fileRef = 001790756DBFB80F1223D694 /* FilesTabView.swift */; };
		2CDAE593D179193B093A437D /* ChatStore.swift in Sources */ = {isa = PBXBuildFile; fileRef = 9044F436D9B339E09DD28878 /* ChatStore.swift */; };
		2D5C15359D655F8CE9E34E7C /* MCActivity.swift in Sources */ = {isa = PBXBuildFile; fileRef = 7C464E016A79023EA4251267 /* MCActivity.swift */; };
		32CFDACCD61B98013D462C18 /* ThreadView.swift in Sources */ = {isa = PBXBuildFile; fileRef = 55880439D482C555B49E1FA6 /* ThreadView.swift */; };
		3741DB33526DFFED4D9A3476 /* AgentListView.swift in Sources */ = {isa = PBXBuildFile; fileRef = 47AFF94AAD9D03995C27B25E /* AgentListView.swift */; };
		3B6946528DB14D3C035B7DE7 /* AuthManager.swift in Sources */ = {isa = PBXBuildFile; fileRef = A4B628102EF5B0A73D01E040 /* AuthManager.swift */; };
		3C2CC4AA1C195524F1C824A0 /* ConvexClientManager.swift in Sources */ = {isa = PBXBuildFile; fileRef = 9FB9A4C0E3373A5116F063A8 /* ConvexClientManager.swift */; };
		3F0866DB0CBEB275345C0CD6 /* ActivityTabView.swift in Sources */ = {isa = PBXBuildFile; fileRef = D35F405C6649AB89FFB8AE11 /* ActivityTabView.swift */; };
		402DBAF33130D5C27A36D791 /* FilesTabView.swift in Sources */ = {isa = PBXBuildFile; fileRef = 001790756DBFB80F1223D694 /* FilesTabView.swift */; };
		449208A20B7DB322EB1FBB02 /* CompactTabView.swift in Sources */ = {isa = PBXBuildFile; fileRef = 1217D23AAB67C2E3211C037F /* CompactTabView.swift */; };
		461664694D5C5054A36F79A4 /* MCTask.swift in Sources */ = {isa = PBXBuildFile; fileRef = C5878EE3193CA985E732C117 /* MCTask.swift */; };
		490021CB2DD88F3778772B5E /* NotificationManager.swift in Sources */ = {isa = PBXBuildFile; fileRef = 852E57DFAA47D3569822C1FA /* NotificationManager.swift */; };
		4920A8EFD6BACBBA8E7DB3C8 /* ConvexMobile in Frameworks */ = {isa = PBXBuildFile; productRef = 56583CEBF8353FD19CFDB520 /* ConvexMobile */; };
		4A3039168AE66DAA72257D3B /* MCActivity.swift in Sources */ = {isa = PBXBuildFile; fileRef = 7C464E016A79023EA4251267 /* MCActivity.swift */; };
		4B92F35640E88B2FB8E03DC9 /* MCSetting.swift in Sources */ = {isa = PBXBuildFile; fileRef = B55C44BC3581EB101C1A7F17 /* MCSetting.swift */; };
		4C7040D307B44BCFE35EFDD9 /* TagSettingsView.swift in Sources */ = {isa = PBXBuildFile; fileRef = 745F0D693272EC67FDEDB5DA /* TagSettingsView.swift */; };
		4E6B3F7665E3DD58EB6B5A62 /* ThreadMessageView.swift in Sources */ = {isa = PBXBuildFile; fileRef = 3F7C95D74CFC0B1B8D2656BB /* ThreadMessageView.swift */; };
		4FBEDFF6B0B62157DAAC8A34 /* ConnectionStatusView.swift in Sources */ = {isa = PBXBuildFile; fileRef = 3261A850CC4478E3BF27ABE7 /* ConnectionStatusView.swift */; };
		523A5C1D609E1EDF7B51D22F /* AgentChatView.swift in Sources */ = {isa = PBXBuildFile; fileRef = C3A790287BF3DE9FE1C04FBC /* AgentChatView.swift */; };
		527A8D6AA07B3B3D21DF41F8 /* LoginView.swift in Sources */ = {isa = PBXBuildFile; fileRef = D8E82BF3F0B102DC4DFC3BF7 /* LoginView.swift */; };
		570C220926FD6AE23B58D36E /* Assets.xcassets in Resources */ = {isa = PBXBuildFile; fileRef = CFC5480EDEA424931815A969 /* Assets.xcassets */; };
		58EC55D5284CDD8F9BAFB21C /* ActivityStore.swift in Sources */ = {isa = PBXBuildFile; fileRef = 2275DD6DBBC60C1D3D410722 /* ActivityStore.swift */; };
		5D782997B5A999FAF1D9A5A0 /* MCMessage.swift in Sources */ = {isa = PBXBuildFile; fileRef = FA05939A893BD4C27DA5B5D4 /* MCMessage.swift */; };
		5F72577AB68A7F5734F9E26B /* TagFilterBar.swift in Sources */ = {isa = PBXBuildFile; fileRef = 75560BB87D290CC2A27EDE06 /* TagFilterBar.swift */; };
		603F06D874F374958D997BB0 /* MCBoard.swift in Sources */ = {isa = PBXBuildFile; fileRef = 195478FB2E3DA742333F0DC5 /* MCBoard.swift */; };
		6066E7D5E5A409C20F4A4528 /* MCFile.swift in Sources */ = {isa = PBXBuildFile; fileRef = BE373C91E5ED7F8BF94C61B0 /* MCFile.swift */; };
		64E9772396F16A44FA3C9693 /* KanbanBoardView.swift in Sources */ = {isa = PBXBuildFile; fileRef = BA902811B21B23D8EF5D3023 /* KanbanBoardView.swift */; };
		6B932F8D466483D925E20E73 /* MCAgent.swift in Sources */ = {isa = PBXBuildFile; fileRef = 1A4687D9D5B9E2279B1A7907 /* MCAgent.swift */; };
		6BD4146EF98C560B4A7D5E92 /* AgentStore.swift in Sources */ = {isa = PBXBuildFile; fileRef = 9F1C462584562B481732D3E7 /* AgentStore.swift */; };
		6C04B6D37B86358604C53609 /* SettingsView.swift in Sources */ = {isa = PBXBuildFile; fileRef = FF195EDC91BEFE32E2517B66 /* SettingsView.swift */; };
		6C826C931F77B3D029B80783 /* StepStore.swift in Sources */ = {isa = PBXBuildFile; fileRef = 7DFF6F87471AB7D83FECF439 /* StepStore.swift */; };
		6F5DD4A24002EA0AAE5AFEDC /* TaskDetailView.swift in Sources */ = {isa = PBXBuildFile; fileRef = 11E0A6F44DA50A7B965A3F18 /* TaskDetailView.swift */; };
		710A044D124464B4C19C9618 /* ModelTierSettingsView.swift in Sources */ = {isa = PBXBuildFile; fileRef = 58D081038A2DDAAEBD903824 /* ModelTierSettingsView.swift */; };
		71E1E3B0390FC905A1A49E9E /* AppRootView.swift in Sources */ = {isa = PBXBuildFile; fileRef = 015218320A672E8E8C299446 /* AppRootView.swift */; };
		732EB124DEC8A930125BEFB8 /* AppRootView.swift in Sources */ = {isa = PBXBuildFile; fileRef = 015218320A672E8E8C299446 /* AppRootView.swift */; };
		7B229E00408AF2B0DD843EDE /* SettingsStore.swift in Sources */ = {isa = PBXBuildFile; fileRef = D71CE4C7B0FFCA6768A39FBA /* SettingsStore.swift */; };
		7C689C05DF7B4294DA780699 /* NotificationManager.swift in Sources */ = {isa = PBXBuildFile; fileRef = 852E57DFAA47D3569822C1FA /* NotificationManager.swift */; };
		7EF727A7D441FD8B37F307CC /* TaskCardView.swift in Sources */ = {isa = PBXBuildFile; fileRef = 6B2AA294C40271CA88DAC90D /* TaskCardView.swift */; };
		84AEE806DC8FE7C5AA03C542 /* KanbanBoardView.swift in Sources */ = {isa = PBXBuildFile; fileRef = BA902811B21B23D8EF5D3023 /* KanbanBoardView.swift */; };
		85CFD58AA020697F9B4E3B56 /* MCApp.swift in Sources */ = {isa = PBXBuildFile; fileRef = B95ABDF09E04E8707353970F /* MCApp.swift */; };
		88265FD79FEE6439ACB1A331 /* MCChat.swift in Sources */ = {isa = PBXBuildFile; fileRef = D6B91356FA291D0A92D7CD24 /* MCChat.swift */; };
		8BFD299DD9EB78AC2DCCB870 /* SplitNavView.swift in Sources */ = {isa = PBXBuildFile; fileRef = 93944117249C4ECAE106B4F5 /* SplitNavView.swift */; };
		9038862468BFEBC925A4E48A /* CompactTabView.swift in Sources */ = {isa = PBXBuildFile; fileRef = 1217D23AAB67C2E3211C037F /* CompactTabView.swift */; };
		958B530340E77FD1A31B5C5D /* SplitNavView.swift in Sources */ = {isa = PBXBuildFile; fileRef = 93944117249C4ECAE106B4F5 /* SplitNavView.swift */; };
		97B14B311159D1A57592E39D /* AgentDetailView.swift in Sources */ = {isa = PBXBuildFile; fileRef = F2EABAA1805C11943BBA78E7 /* AgentDetailView.swift */; };
		984BA4E7ED03F2665184DA48 /* BoardSelectorView.swift in Sources */ = {isa = PBXBuildFile; fileRef = 971067871E8032EAB765EE78 /* BoardSelectorView.swift */; };
		9AA4A289B2AC5E8E864741DD /* CreateTaskView.swift in Sources */ = {isa = PBXBuildFile; fileRef = C749E2111D086C02CC489702 /* CreateTaskView.swift */; };
		9C70C62A06F4239BDD92826E /* ThreadInputView.swift in Sources */ = {isa = PBXBuildFile; fileRef = 061121CAC570F9EAEF7AAE65 /* ThreadInputView.swift */; };
		9D069CF0373D838C69C00D52 /* ConnectionStatusView.swift in Sources */ = {isa = PBXBuildFile; fileRef = 3261A850CC4478E3BF27ABE7 /* ConnectionStatusView.swift */; };
		9ECBEAD50DA0233CCC484A16 /* MCTask.swift in Sources */ = {isa = PBXBuildFile; fileRef = C5878EE3193CA985E732C117 /* MCTask.swift */; };
		9F47B09A646A355B4826B0AE /* KeychainManager.swift in Sources */ = {isa = PBXBuildFile; fileRef = 9AEFC20887678AA911727980 /* KeychainManager.swift */; };
		A18A500556954B252294A245 /* MCBoard.swift in Sources */ = {isa = PBXBuildFile; fileRef = 195478FB2E3DA742333F0DC5 /* MCBoard.swift */; };
		A95C326044FB781873D1189A /* LoginView.swift in Sources */ = {isa = PBXBuildFile; fileRef = D8E82BF3F0B102DC4DFC3BF7 /* LoginView.swift */; };
		AB6AA8474D122A95BEDEB1C2 /* BoardSettingsView.swift in Sources */ = {isa = PBXBuildFile; fileRef = 1CE97C971B36D67C6F351DD0 /* BoardSettingsView.swift */; };
		AE85FAE923E4725BF6C4F1AE /* ThreadView.swift in Sources */ = {isa = PBXBuildFile; fileRef = 55880439D482C555B49E1FA6 /* ThreadView.swift */; };
		B0DE415A9C833D02C60A0124 /* DeepLinkHandler.swift in Sources */ = {isa = PBXBuildFile; fileRef = 682E2E06F34F2B0E329F4586 /* DeepLinkHandler.swift */; };
		B9D2E9D09D92451C64A91E3A /* TagStore.swift in Sources */ = {isa = PBXBuildFile; fileRef = 4163BB2C79F0827B87D7E282 /* TagStore.swift */; };
		C136EBDEE37454A77AF79CEB /* TaskCardView.swift in Sources */ = {isa = PBXBuildFile; fileRef = 6B2AA294C40271CA88DAC90D /* TaskCardView.swift */; };
		C6B60A679AED41DA53A59696 /* Enums.swift in Sources */ = {isa = PBXBuildFile; fileRef = A9CCB45FEE2155E699EC8B58 /* Enums.swift */; };
		CA698FFB424D900E277FEB13 /* AuthManager.swift in Sources */ = {isa = PBXBuildFile; fileRef = A4B628102EF5B0A73D01E040 /* AuthManager.swift */; };
		CE9E0E36C8165EDABD856F3F /* ConvexClientManager.swift in Sources */ = {isa = PBXBuildFile; fileRef = 9FB9A4C0E3373A5116F063A8 /* ConvexClientManager.swift */; };
		CEB6B7E231169282AB488840 /* ExecutionPlanView.swift in Sources */ = {isa = PBXBuildFile; fileRef = 5B7204C9F57C7F19B59FCCBB /* ExecutionPlanView.swift */; };
		D030E688BDA26A3FB8CB1E24 /* ThreadInputView.swift in Sources */ = {isa = PBXBuildFile; fileRef = 061121CAC570F9EAEF7AAE65 /* ThreadInputView.swift */; };
		D551223DF110C84276F832BE /* SettingsView.swift in Sources */ = {isa = PBXBuildFile; fileRef = FF195EDC91BEFE32E2517B66 /* SettingsView.swift */; };
		D9312E96ED70246FEFB36BA5 /* SettingsStore.swift in Sources */ = {isa = PBXBuildFile; fileRef = D71CE4C7B0FFCA6768A39FBA /* SettingsStore.swift */; };
		DA6F76AE8703FBD39A104840 /* MCTag.swift in Sources */ = {isa = PBXBuildFile; fileRef = 3930F92C9CBC292E981224FC /* MCTag.swift */; };
		DBAA6AE72AF66FB300E1E9E5 /* BoardSelectorView.swift in Sources */ = {isa = PBXBuildFile; fileRef = 971067871E8032EAB765EE78 /* BoardSelectorView.swift */; };
		DF2115FE53EA0D7DE0E5B4DA /* TaskActionsMenu.swift in Sources */ = {isa = PBXBuildFile; fileRef = 58E3340AFC3A1DF8C7401F9F /* TaskActionsMenu.swift */; };
		E23D8CE843C9972BDB702B98 /* MCMessage.swift in Sources */ = {isa = PBXBuildFile; fileRef = FA05939A893BD4C27DA5B5D4 /* MCMessage.swift */; };
		E2BCF2EEFD374999359CCF19 /* ExecutionPlanView.swift in Sources */ = {isa = PBXBuildFile; fileRef = 5B7204C9F57C7F19B59FCCBB /* ExecutionPlanView.swift */; };
		E4873F8B4EF172036CDBDE83 /* MCChat.swift in Sources */ = {isa = PBXBuildFile; fileRef = D6B91356FA291D0A92D7CD24 /* MCChat.swift */; };
		E6ABEE4CB165E6F7F88AE266 /* StepCardView.swift in Sources */ = {isa = PBXBuildFile; fileRef = 42F60C027CB31F0625A3B651 /* StepCardView.swift */; };
		E88B630C2F8BAA0AC49DEB2E /* MCSetting.swift in Sources */ = {isa = PBXBuildFile; fileRef = B55C44BC3581EB101C1A7F17 /* MCSetting.swift */; };
		ED2789497C0C3D2715536D5F /* Enums.swift in Sources */ = {isa = PBXBuildFile; fileRef = A9CCB45FEE2155E699EC8B58 /* Enums.swift */; };
		EDEE944E924A43F3625E1520 /* AgentListView.swift in Sources */ = {isa = PBXBuildFile; fileRef = 47AFF94AAD9D03995C27B25E /* AgentListView.swift */; };
		EEA71893B6573CB81AC71EE3 /* KanbanColumnView.swift in Sources */ = {isa = PBXBuildFile; fileRef = F17AF0E14D471313D4DA4E51 /* KanbanColumnView.swift */; };
		EF75480C4F5606B9E4F64BE0 /* TaskDetailView.swift in Sources */ = {isa = PBXBuildFile; fileRef = 11E0A6F44DA50A7B965A3F18 /* TaskDetailView.swift */; };
		F4DDDE29F29FF81F94DF7C65 /* MessageStore.swift in Sources */ = {isa = PBXBuildFile; fileRef = 8E1BA2D37ABB70A3792A21D7 /* MessageStore.swift */; };
		F6508B4A5CE5EF81F6B52D91 /* KanbanColumnView.swift in Sources */ = {isa = PBXBuildFile; fileRef = F17AF0E14D471313D4DA4E51 /* KanbanColumnView.swift */; };
		F76CED42A9ACAD290B7ED348 /* ConvexMobile in Frameworks */ = {isa = PBXBuildFile; productRef = B7AB3042703F07B347BB528C /* ConvexMobile */; };
		FCB9E6DD2E24B5CC13C0225B /* ActivityTabView.swift in Sources */ = {isa = PBXBuildFile; fileRef = D35F405C6649AB89FFB8AE11 /* ActivityTabView.swift */; };
		FE919E25CBE1E9A09B45576E /* MCTag.swift in Sources */ = {isa = PBXBuildFile; fileRef = 3930F92C9CBC292E981224FC /* MCTag.swift */; };
		FF394C0B551C6A37A4B39364 /* MCStep.swift in Sources */ = {isa = PBXBuildFile; fileRef = 8CAB0F9ACAE92664F5C2D74A /* MCStep.swift */; };
/* End PBXBuildFile section */

/* Begin PBXFileReference section */
		001790756DBFB80F1223D694 /* FilesTabView.swift */ = {isa = PBXFileReference; lastKnownFileType = sourcecode.swift; path = FilesTabView.swift; sourceTree = "<group>"; };
		015218320A672E8E8C299446 /* AppRootView.swift */ = {isa = PBXFileReference; lastKnownFileType = sourcecode.swift; path = AppRootView.swift; sourceTree = "<group>"; };
		061121CAC570F9EAEF7AAE65 /* ThreadInputView.swift */ = {isa = PBXFileReference; lastKnownFileType = sourcecode.swift; path = ThreadInputView.swift; sourceTree = "<group>"; };
		11E0A6F44DA50A7B965A3F18 /* TaskDetailView.swift */ = {isa = PBXFileReference; lastKnownFileType = sourcecode.swift; path = TaskDetailView.swift; sourceTree = "<group>"; };
		1217D23AAB67C2E3211C037F /* CompactTabView.swift */ = {isa = PBXFileReference; lastKnownFileType = sourcecode.swift; path = CompactTabView.swift; sourceTree = "<group>"; };
		195478FB2E3DA742333F0DC5 /* MCBoard.swift */ = {isa = PBXFileReference; lastKnownFileType = sourcecode.swift; path = MCBoard.swift; sourceTree = "<group>"; };
		1A4687D9D5B9E2279B1A7907 /* MCAgent.swift */ = {isa = PBXFileReference; lastKnownFileType = sourcecode.swift; path = MCAgent.swift; sourceTree = "<group>"; };
		1CE97C971B36D67C6F351DD0 /* BoardSettingsView.swift */ = {isa = PBXFileReference; lastKnownFileType = sourcecode.swift; path = BoardSettingsView.swift; sourceTree = "<group>"; };
		2275DD6DBBC60C1D3D410722 /* ActivityStore.swift */ = {isa = PBXFileReference; lastKnownFileType = sourcecode.swift; path = ActivityStore.swift; sourceTree = "<group>"; };
		2CDD7B141F8B5ADC3C433EFD /* TaskStore.swift */ = {isa = PBXFileReference; lastKnownFileType = sourcecode.swift; path = TaskStore.swift; sourceTree = "<group>"; };
		3261A850CC4478E3BF27ABE7 /* ConnectionStatusView.swift */ = {isa = PBXFileReference; lastKnownFileType = sourcecode.swift; path = ConnectionStatusView.swift; sourceTree = "<group>"; };
		3930F92C9CBC292E981224FC /* MCTag.swift */ = {isa = PBXFileReference; lastKnownFileType = sourcecode.swift; path = MCTag.swift; sourceTree = "<group>"; };
		3F7C95D74CFC0B1B8D2656BB /* ThreadMessageView.swift */ = {isa = PBXFileReference; lastKnownFileType = sourcecode.swift; path = ThreadMessageView.swift; sourceTree = "<group>"; };
		40F55FAFDB551C5BD1D91749 /* MissionControl.app */ = {isa = PBXFileReference; includeInIndex = 0; lastKnownFileType = wrapper.application; path = MissionControl.app; sourceTree = BUILT_PRODUCTS_DIR; };
		4163BB2C79F0827B87D7E282 /* TagStore.swift */ = {isa = PBXFileReference; lastKnownFileType = sourcecode.swift; path = TagStore.swift; sourceTree = "<group>"; };
		42F60C027CB31F0625A3B651 /* StepCardView.swift */ = {isa = PBXFileReference; lastKnownFileType = sourcecode.swift; path = StepCardView.swift; sourceTree = "<group>"; };
		47A5C515DE3C5F6A13019A21 /* BoardStore.swift */ = {isa = PBXFileReference; lastKnownFileType = sourcecode.swift; path = BoardStore.swift; sourceTree = "<group>"; };
		47AFF94AAD9D03995C27B25E /* AgentListView.swift */ = {isa = PBXFileReference; lastKnownFileType = sourcecode.swift; path = AgentListView.swift; sourceTree = "<group>"; };
		55880439D482C555B49E1FA6 /* ThreadView.swift */ = {isa = PBXFileReference; lastKnownFileType = sourcecode.swift; path = ThreadView.swift; sourceTree = "<group>"; };
		58D081038A2DDAAEBD903824 /* ModelTierSettingsView.swift */ = {isa = PBXFileReference; lastKnownFileType = sourcecode.swift; path = ModelTierSettingsView.swift; sourceTree = "<group>"; };
		58E3340AFC3A1DF8C7401F9F /* TaskActionsMenu.swift */ = {isa = PBXFileReference; lastKnownFileType = sourcecode.swift; path = TaskActionsMenu.swift; sourceTree = "<group>"; };
		5B7204C9F57C7F19B59FCCBB /* ExecutionPlanView.swift */ = {isa = PBXFileReference; lastKnownFileType = sourcecode.swift; path = ExecutionPlanView.swift; sourceTree = "<group>"; };
		682E2E06F34F2B0E329F4586 /* DeepLinkHandler.swift */ = {isa = PBXFileReference; lastKnownFileType = sourcecode.swift; path = DeepLinkHandler.swift; sourceTree = "<group>"; };
		6B2AA294C40271CA88DAC90D /* TaskCardView.swift */ = {isa = PBXFileReference; lastKnownFileType = sourcecode.swift; path = TaskCardView.swift; sourceTree = "<group>"; };
		745F0D693272EC67FDEDB5DA /* TagSettingsView.swift */ = {isa = PBXFileReference; lastKnownFileType = sourcecode.swift; path = TagSettingsView.swift; sourceTree = "<group>"; };
		75560BB87D290CC2A27EDE06 /* TagFilterBar.swift */ = {isa = PBXFileReference; lastKnownFileType = sourcecode.swift; path = TagFilterBar.swift; sourceTree = "<group>"; };
		7C464E016A79023EA4251267 /* MCActivity.swift */ = {isa = PBXFileReference; lastKnownFileType = sourcecode.swift; path = MCActivity.swift; sourceTree = "<group>"; };
		7DFF6F87471AB7D83FECF439 /* StepStore.swift */ = {isa = PBXFileReference; lastKnownFileType = sourcecode.swift; path = StepStore.swift; sourceTree = "<group>"; };
		852E57DFAA47D3569822C1FA /* NotificationManager.swift */ = {isa = PBXFileReference; lastKnownFileType = sourcecode.swift; path = NotificationManager.swift; sourceTree = "<group>"; };
		8CAB0F9ACAE92664F5C2D74A /* MCStep.swift */ = {isa = PBXFileReference; lastKnownFileType = sourcecode.swift; path = MCStep.swift; sourceTree = "<group>"; };
		8E1BA2D37ABB70A3792A21D7 /* MessageStore.swift */ = {isa = PBXFileReference; lastKnownFileType = sourcecode.swift; path = MessageStore.swift; sourceTree = "<group>"; };
		9044F436D9B339E09DD28878 /* ChatStore.swift */ = {isa = PBXFileReference; lastKnownFileType = sourcecode.swift; path = ChatStore.swift; sourceTree = "<group>"; };
		93944117249C4ECAE106B4F5 /* SplitNavView.swift */ = {isa = PBXFileReference; lastKnownFileType = sourcecode.swift; path = SplitNavView.swift; sourceTree = "<group>"; };
		971067871E8032EAB765EE78 /* BoardSelectorView.swift */ = {isa = PBXFileReference; lastKnownFileType = sourcecode.swift; path = BoardSelectorView.swift; sourceTree = "<group>"; };
		9AEFC20887678AA911727980 /* KeychainManager.swift */ = {isa = PBXFileReference; lastKnownFileType = sourcecode.swift; path = KeychainManager.swift; sourceTree = "<group>"; };
		9F1C462584562B481732D3E7 /* AgentStore.swift */ = {isa = PBXFileReference; lastKnownFileType = sourcecode.swift; path = AgentStore.swift; sourceTree = "<group>"; };
		9FB9A4C0E3373A5116F063A8 /* ConvexClientManager.swift */ = {isa = PBXFileReference; lastKnownFileType = sourcecode.swift; path = ConvexClientManager.swift; sourceTree = "<group>"; };
		A4B628102EF5B0A73D01E040 /* AuthManager.swift */ = {isa = PBXFileReference; lastKnownFileType = sourcecode.swift; path = AuthManager.swift; sourceTree = "<group>"; };
		A9CCB45FEE2155E699EC8B58 /* Enums.swift */ = {isa = PBXFileReference; lastKnownFileType = sourcecode.swift; path = Enums.swift; sourceTree = "<group>"; };
		B55C44BC3581EB101C1A7F17 /* MCSetting.swift */ = {isa = PBXFileReference; lastKnownFileType = sourcecode.swift; path = MCSetting.swift; sourceTree = "<group>"; };
		B95ABDF09E04E8707353970F /* MCApp.swift */ = {isa = PBXFileReference; lastKnownFileType = sourcecode.swift; path = MCApp.swift; sourceTree = "<group>"; };
		B9AC71AD1866A5D6C130BB78 /* MissionControl.app */ = {isa = PBXFileReference; explicitFileType = wrapper.application; includeInIndex = 0; path = MissionControl.app; sourceTree = BUILT_PRODUCTS_DIR; };
		BA902811B21B23D8EF5D3023 /* KanbanBoardView.swift */ = {isa = PBXFileReference; lastKnownFileType = sourcecode.swift; path = KanbanBoardView.swift; sourceTree = "<group>"; };
		BE373C91E5ED7F8BF94C61B0 /* MCFile.swift */ = {isa = PBXFileReference; lastKnownFileType = sourcecode.swift; path = MCFile.swift; sourceTree = "<group>"; };
		C3A790287BF3DE9FE1C04FBC /* AgentChatView.swift */ = {isa = PBXFileReference; lastKnownFileType = sourcecode.swift; path = AgentChatView.swift; sourceTree = "<group>"; };
		C5878EE3193CA985E732C117 /* MCTask.swift */ = {isa = PBXFileReference; lastKnownFileType = sourcecode.swift; path = MCTask.swift; sourceTree = "<group>"; };
		C749E2111D086C02CC489702 /* CreateTaskView.swift */ = {isa = PBXFileReference; lastKnownFileType = sourcecode.swift; path = CreateTaskView.swift; sourceTree = "<group>"; };
		CFC5480EDEA424931815A969 /* Assets.xcassets */ = {isa = PBXFileReference; lastKnownFileType = folder.assetcatalog; path = Assets.xcassets; sourceTree = "<group>"; };
		D35F405C6649AB89FFB8AE11 /* ActivityTabView.swift */ = {isa = PBXFileReference; lastKnownFileType = sourcecode.swift; path = ActivityTabView.swift; sourceTree = "<group>"; };
		D6B91356FA291D0A92D7CD24 /* MCChat.swift */ = {isa = PBXFileReference; lastKnownFileType = sourcecode.swift; path = MCChat.swift; sourceTree = "<group>"; };
		D71CE4C7B0FFCA6768A39FBA /* SettingsStore.swift */ = {isa = PBXFileReference; lastKnownFileType = sourcecode.swift; path = SettingsStore.swift; sourceTree = "<group>"; };
		D8E82BF3F0B102DC4DFC3BF7 /* LoginView.swift */ = {isa = PBXFileReference; lastKnownFileType = sourcecode.swift; path = LoginView.swift; sourceTree = "<group>"; };
		E23BFC302C7476E6CC763176 /* MissionControl.entitlements */ = {isa = PBXFileReference; lastKnownFileType = text.plist.entitlements; path = MissionControl.entitlements; sourceTree = "<group>"; };
		F17AF0E14D471313D4DA4E51 /* KanbanColumnView.swift */ = {isa = PBXFileReference; lastKnownFileType = sourcecode.swift; path = KanbanColumnView.swift; sourceTree = "<group>"; };
		F2EABAA1805C11943BBA78E7 /* AgentDetailView.swift */ = {isa = PBXFileReference; lastKnownFileType = sourcecode.swift; path = AgentDetailView.swift; sourceTree = "<group>"; };
		FA05939A893BD4C27DA5B5D4 /* MCMessage.swift */ = {isa = PBXFileReference; lastKnownFileType = sourcecode.swift; path = MCMessage.swift; sourceTree = "<group>"; };
		FF195EDC91BEFE32E2517B66 /* SettingsView.swift */ = {isa = PBXFileReference; lastKnownFileType = sourcecode.swift; path = SettingsView.swift; sourceTree = "<group>"; };
/* End PBXFileReference section */

/* Begin PBXFrameworksBuildPhase section */
		496A231DF4CAF5684EF1CD93 /* Frameworks */ = {
			isa = PBXFrameworksBuildPhase;
			buildActionMask = 2147483647;
			files = (
				4920A8EFD6BACBBA8E7DB3C8 /* ConvexMobile in Frameworks */,
			);
			runOnlyForDeploymentPostprocessing = 0;
		};
		F520C7CAA37F57570926C71F /* Frameworks */ = {
			isa = PBXFrameworksBuildPhase;
			buildActionMask = 2147483647;
			files = (
				F76CED42A9ACAD290B7ED348 /* ConvexMobile in Frameworks */,
			);
			runOnlyForDeploymentPostprocessing = 0;
		};
/* End PBXFrameworksBuildPhase section */

/* Begin PBXGroup section */
		2620F493465D5E83D2205E79 /* Auth */ = {
			isa = PBXGroup;
			children = (
				D8E82BF3F0B102DC4DFC3BF7 /* LoginView.swift */,
			);
			path = Auth;
			sourceTree = "<group>";
		};
		3B25E04B574036BA7A981D8A /* Products */ = {
			isa = PBXGroup;
			children = (
				40F55FAFDB551C5BD1D91749 /* MissionControl.app */,
				B9AC71AD1866A5D6C130BB78 /* MissionControl.app */,
			);
			name = Products;
			sourceTree = "<group>";
		};
		47B8C00824A31A6F902CC143 /* App */ = {
			isa = PBXGroup;
			children = (
				015218320A672E8E8C299446 /* AppRootView.swift */,
				1217D23AAB67C2E3211C037F /* CompactTabView.swift */,
				FF195EDC91BEFE32E2517B66 /* SettingsView.swift */,
				93944117249C4ECAE106B4F5 /* SplitNavView.swift */,
			);
			path = App;
			sourceTree = "<group>";
		};
		6963E68EA945CBFF56E6BC78 /* Views */ = {
			isa = PBXGroup;
			children = (
				77D6CAC9B074F1EAFEEA3188 /* Agents */,
				47B8C00824A31A6F902CC143 /* App */,
				2620F493465D5E83D2205E79 /* Auth */,
				9D1555B45D71AA8D7F82FB42 /* Kanban */,
				748D1D96920D1B6037A549D8 /* Settings */,
				D6567F1DA069DEEF4231D7C4 /* TaskDetail */,
				C6D5FC48E39E9D46B63C6F21 /* Tasks */,
			);
			path = Views;
			sourceTree = "<group>";
		};
		748D1D96920D1B6037A549D8 /* Settings */ = {
			isa = PBXGroup;
			children = (
				1CE97C971B36D67C6F351DD0 /* BoardSettingsView.swift */,
				58D081038A2DDAAEBD903824 /* ModelTierSettingsView.swift */,
				745F0D693272EC67FDEDB5DA /* TagSettingsView.swift */,
			);
			path = Settings;
			sourceTree = "<group>";
		};
		77D6CAC9B074F1EAFEEA3188 /* Agents */ = {
			isa = PBXGroup;
			children = (
				C3A790287BF3DE9FE1C04FBC /* AgentChatView.swift */,
				F2EABAA1805C11943BBA78E7 /* AgentDetailView.swift */,
				47AFF94AAD9D03995C27B25E /* AgentListView.swift */,
			);
			path = Agents;
			sourceTree = "<group>";
		};
		9569A2E5F5D3B3E8E33C3400 /* Models */ = {
			isa = PBXGroup;
			children = (
				A9CCB45FEE2155E699EC8B58 /* Enums.swift */,
				7C464E016A79023EA4251267 /* MCActivity.swift */,
				1A4687D9D5B9E2279B1A7907 /* MCAgent.swift */,
				195478FB2E3DA742333F0DC5 /* MCBoard.swift */,
				D6B91356FA291D0A92D7CD24 /* MCChat.swift */,
				BE373C91E5ED7F8BF94C61B0 /* MCFile.swift */,
				FA05939A893BD4C27DA5B5D4 /* MCMessage.swift */,
				B55C44BC3581EB101C1A7F17 /* MCSetting.swift */,
				8CAB0F9ACAE92664F5C2D74A /* MCStep.swift */,
				3930F92C9CBC292E981224FC /* MCTag.swift */,
				C5878EE3193CA985E732C117 /* MCTask.swift */,
			);
			path = Models;
			sourceTree = "<group>";
		};
		9D1555B45D71AA8D7F82FB42 /* Kanban */ = {
			isa = PBXGroup;
			children = (
				971067871E8032EAB765EE78 /* BoardSelectorView.swift */,
				BA902811B21B23D8EF5D3023 /* KanbanBoardView.swift */,
				F17AF0E14D471313D4DA4E51 /* KanbanColumnView.swift */,
				75560BB87D290CC2A27EDE06 /* TagFilterBar.swift */,
				6B2AA294C40271CA88DAC90D /* TaskCardView.swift */,
			);
			path = Kanban;
			sourceTree = "<group>";
		};
		9DF631B6FF58DB7AF4B0A71A /* MissionControl */ = {
			isa = PBXGroup;
			children = (
				CFC5480EDEA424931815A969 /* Assets.xcassets */,
				B95ABDF09E04E8707353970F /* MCApp.swift */,
				E23BFC302C7476E6CC763176 /* MissionControl.entitlements */,
				F214B99EEE01BD8180963D1A /* Core */,
				9569A2E5F5D3B3E8E33C3400 /* Models */,
				EF275B9FD8240F5A8B0ADE23 /* Stores */,
				6963E68EA945CBFF56E6BC78 /* Views */,
			);
			path = MissionControl;
			sourceTree = "<group>";
		};
		C6D5FC48E39E9D46B63C6F21 /* Tasks */ = {
			isa = PBXGroup;
			children = (
				C749E2111D086C02CC489702 /* CreateTaskView.swift */,
				58E3340AFC3A1DF8C7401F9F /* TaskActionsMenu.swift */,
			);
			path = Tasks;
			sourceTree = "<group>";
		};
		D6225A6F52A2317AEC5F4E35 = {
			isa = PBXGroup;
			children = (
				F23AF39A326DDE2B760B54DA /* Sources */,
				3B25E04B574036BA7A981D8A /* Products */,
			);
			sourceTree = "<group>";
		};
		D6567F1DA069DEEF4231D7C4 /* TaskDetail */ = {
			isa = PBXGroup;
			children = (
				D35F405C6649AB89FFB8AE11 /* ActivityTabView.swift */,
				5B7204C9F57C7F19B59FCCBB /* ExecutionPlanView.swift */,
				001790756DBFB80F1223D694 /* FilesTabView.swift */,
				42F60C027CB31F0625A3B651 /* StepCardView.swift */,
				11E0A6F44DA50A7B965A3F18 /* TaskDetailView.swift */,
				061121CAC570F9EAEF7AAE65 /* ThreadInputView.swift */,
				3F7C95D74CFC0B1B8D2656BB /* ThreadMessageView.swift */,
				55880439D482C555B49E1FA6 /* ThreadView.swift */,
			);
			path = TaskDetail;
			sourceTree = "<group>";
		};
		EF275B9FD8240F5A8B0ADE23 /* Stores */ = {
			isa = PBXGroup;
			children = (
				2275DD6DBBC60C1D3D410722 /* ActivityStore.swift */,
				9F1C462584562B481732D3E7 /* AgentStore.swift */,
				47A5C515DE3C5F6A13019A21 /* BoardStore.swift */,
				9044F436D9B339E09DD28878 /* ChatStore.swift */,
				8E1BA2D37ABB70A3792A21D7 /* MessageStore.swift */,
				D71CE4C7B0FFCA6768A39FBA /* SettingsStore.swift */,
				7DFF6F87471AB7D83FECF439 /* StepStore.swift */,
				4163BB2C79F0827B87D7E282 /* TagStore.swift */,
				2CDD7B141F8B5ADC3C433EFD /* TaskStore.swift */,
			);
			path = Stores;
			sourceTree = "<group>";
		};
		F214B99EEE01BD8180963D1A /* Core */ = {
			isa = PBXGroup;
			children = (
				A4B628102EF5B0A73D01E040 /* AuthManager.swift */,
				3261A850CC4478E3BF27ABE7 /* ConnectionStatusView.swift */,
				9FB9A4C0E3373A5116F063A8 /* ConvexClientManager.swift */,
				682E2E06F34F2B0E329F4586 /* DeepLinkHandler.swift */,
				9AEFC20887678AA911727980 /* KeychainManager.swift */,
				852E57DFAA47D3569822C1FA /* NotificationManager.swift */,
			);
			path = Core;
			sourceTree = "<group>";
		};
		F23AF39A326DDE2B760B54DA /* Sources */ = {
			isa = PBXGroup;
			children = (
				9DF631B6FF58DB7AF4B0A71A /* MissionControl */,
			);
			path = Sources;
			sourceTree = "<group>";
		};
/* End PBXGroup section */

/* Begin PBXNativeTarget section */
		3E068524C397635077A86843 /* MissionControl_macOS */ = {
			isa = PBXNativeTarget;
			buildConfigurationList = 8C1F7F86B5C4EE31C4481277 /* Build configuration list for PBXNativeTarget "MissionControl_macOS" */;
			buildPhases = (
				7C5FE5DA7B710B18EA0CF002 /* Sources */,
				03369206D7592FC2A4552211 /* Resources */,
				F520C7CAA37F57570926C71F /* Frameworks */,
			);
			buildRules = (
			);
			dependencies = (
			);
			name = MissionControl_macOS;
			packageProductDependencies = (
				B7AB3042703F07B347BB528C /* ConvexMobile */,
			);
			productName = MissionControl_macOS;
			productReference = B9AC71AD1866A5D6C130BB78 /* MissionControl.app */;
			productType = "com.apple.product-type.application";
		};
		E39800D84C9C120FAEACB9F1 /* MissionControl_iOS */ = {
			isa = PBXNativeTarget;
			buildConfigurationList = 72E27D44675D1D6FE7870DB8 /* Build configuration list for PBXNativeTarget "MissionControl_iOS" */;
			buildPhases = (
				0347FA7121E6A98DA791F444 /* Sources */,
				722B0853FE05A7D7FAC599E5 /* Resources */,
				496A231DF4CAF5684EF1CD93 /* Frameworks */,
			);
			buildRules = (
			);
			dependencies = (
			);
			name = MissionControl_iOS;
			packageProductDependencies = (
				56583CEBF8353FD19CFDB520 /* ConvexMobile */,
			);
			productName = MissionControl_iOS;
			productReference = 40F55FAFDB551C5BD1D91749 /* MissionControl.app */;
			productType = "com.apple.product-type.application";
		};
/* End PBXNativeTarget section */

/* Begin PBXProject section */
		208D6E4BAFD27F4031F64A88 /* Project object */ = {
			isa = PBXProject;
			attributes = {
				BuildIndependentTargetsInParallel = YES;
				LastUpgradeCheck = 1600;
				TargetAttributes = {
					3E068524C397635077A86843 = {
						DevelopmentTeam = "";
						ProvisioningStyle = Automatic;
					};
					E39800D84C9C120FAEACB9F1 = {
						DevelopmentTeam = "";
						ProvisioningStyle = Automatic;
					};
				};
			};
			buildConfigurationList = E702C94A16BB968CFA62C192 /* Build configuration list for PBXProject "MissionControl" */;
			compatibilityVersion = "Xcode 14.0";
			developmentRegion = en;
			hasScannedForEncodings = 0;
			knownRegions = (
				Base,
				en,
			);
			mainGroup = D6225A6F52A2317AEC5F4E35;
			minimizedProjectReferenceProxies = 1;
			packageReferences = (
				CF71F329CADB56612197D038 /* XCRemoteSwiftPackageReference "convex-swift" */,
			);
			preferredProjectObjectVersion = 77;
			projectDirPath = "";
			projectRoot = "";
			targets = (
				E39800D84C9C120FAEACB9F1 /* MissionControl_iOS */,
				3E068524C397635077A86843 /* MissionControl_macOS */,
			);
		};
/* End PBXProject section */

/* Begin PBXResourcesBuildPhase section */
		03369206D7592FC2A4552211 /* Resources */ = {
			isa = PBXResourcesBuildPhase;
			buildActionMask = 2147483647;
			files = (
				570C220926FD6AE23B58D36E /* Assets.xcassets in Resources */,
			);
			runOnlyForDeploymentPostprocessing = 0;
		};
		722B0853FE05A7D7FAC599E5 /* Resources */ = {
			isa = PBXResourcesBuildPhase;
			buildActionMask = 2147483647;
			files = (
				11F5832402B5E5E3D2F16486 /* Assets.xcassets in Resources */,
			);
			runOnlyForDeploymentPostprocessing = 0;
		};
/* End PBXResourcesBuildPhase section */

/* Begin PBXSourcesBuildPhase section */
		0347FA7121E6A98DA791F444 /* Sources */ = {
			isa = PBXSourcesBuildPhase;
			buildActionMask = 2147483647;
			files = (
				58EC55D5284CDD8F9BAFB21C /* ActivityStore.swift in Sources */,
				FCB9E6DD2E24B5CC13C0225B /* ActivityTabView.swift in Sources */,
				190A86F7D37DB910FDA4CE10 /* AgentChatView.swift in Sources */,
				205588C9F1546147B7A22ADD /* AgentDetailView.swift in Sources */,
				3741DB33526DFFED4D9A3476 /* AgentListView.swift in Sources */,
				0F936C14C73813A05B3C2CD8 /* AgentStore.swift in Sources */,
				732EB124DEC8A930125BEFB8 /* AppRootView.swift in Sources */,
				CA698FFB424D900E277FEB13 /* AuthManager.swift in Sources */,
				984BA4E7ED03F2665184DA48 /* BoardSelectorView.swift in Sources */,
				1C61AE82FD6B707BFAC9A40B /* BoardSettingsView.swift in Sources */,
				01F50CB8C8BFE199D80BD2FD /* BoardStore.swift in Sources */,
				2CDAE593D179193B093A437D /* ChatStore.swift in Sources */,
				9038862468BFEBC925A4E48A /* CompactTabView.swift in Sources */,
				4FBEDFF6B0B62157DAAC8A34 /* ConnectionStatusView.swift in Sources */,
				3C2CC4AA1C195524F1C824A0 /* ConvexClientManager.swift in Sources */,
				9AA4A289B2AC5E8E864741DD /* CreateTaskView.swift in Sources */,
				B0DE415A9C833D02C60A0124 /* DeepLinkHandler.swift in Sources */,
				ED2789497C0C3D2715536D5F /* Enums.swift in Sources */,
				E2BCF2EEFD374999359CCF19 /* ExecutionPlanView.swift in Sources */,
				402DBAF33130D5C27A36D791 /* FilesTabView.swift in Sources */,
				64E9772396F16A44FA3C9693 /* KanbanBoardView.swift in Sources */,
				EEA71893B6573CB81AC71EE3 /* KanbanColumnView.swift in Sources */,
				0B6D808BC878C65E51FA7D4C /* KeychainManager.swift in Sources */,
				527A8D6AA07B3B3D21DF41F8 /* LoginView.swift in Sources */,
				4A3039168AE66DAA72257D3B /* MCActivity.swift in Sources */,
				6B932F8D466483D925E20E73 /* MCAgent.swift in Sources */,
				85CFD58AA020697F9B4E3B56 /* MCApp.swift in Sources */,
				A18A500556954B252294A245 /* MCBoard.swift in Sources */,
				E4873F8B4EF172036CDBDE83 /* MCChat.swift in Sources */,
				0A4C21BBAE654EA681A37D71 /* MCFile.swift in Sources */,
				E23D8CE843C9972BDB702B98 /* MCMessage.swift in Sources */,
				E88B630C2F8BAA0AC49DEB2E /* MCSetting.swift in Sources */,
				15209736D47357C32B5285E3 /* MCStep.swift in Sources */,
				DA6F76AE8703FBD39A104840 /* MCTag.swift in Sources */,
				461664694D5C5054A36F79A4 /* MCTask.swift in Sources */,
				F4DDDE29F29FF81F94DF7C65 /* MessageStore.swift in Sources */,
				710A044D124464B4C19C9618 /* ModelTierSettingsView.swift in Sources */,
				490021CB2DD88F3778772B5E /* NotificationManager.swift in Sources */,
				7B229E00408AF2B0DD843EDE /* SettingsStore.swift in Sources */,
				D551223DF110C84276F832BE /* SettingsView.swift in Sources */,
				8BFD299DD9EB78AC2DCCB870 /* SplitNavView.swift in Sources */,
				E6ABEE4CB165E6F7F88AE266 /* StepCardView.swift in Sources */,
				008EE778340BE4732BEEEB78 /* StepStore.swift in Sources */,
				5F72577AB68A7F5734F9E26B /* TagFilterBar.swift in Sources */,
				4C7040D307B44BCFE35EFDD9 /* TagSettingsView.swift in Sources */,
				B9D2E9D09D92451C64A91E3A /* TagStore.swift in Sources */,
				DF2115FE53EA0D7DE0E5B4DA /* TaskActionsMenu.swift in Sources */,
				7EF727A7D441FD8B37F307CC /* TaskCardView.swift in Sources */,
				EF75480C4F5606B9E4F64BE0 /* TaskDetailView.swift in Sources */,
				129F927DD49531AE42AF1F24 /* TaskStore.swift in Sources */,
				D030E688BDA26A3FB8CB1E24 /* ThreadInputView.swift in Sources */,
				4E6B3F7665E3DD58EB6B5A62 /* ThreadMessageView.swift in Sources */,
				32CFDACCD61B98013D462C18 /* ThreadView.swift in Sources */,
			);
			runOnlyForDeploymentPostprocessing = 0;
		};
		7C5FE5DA7B710B18EA0CF002 /* Sources */ = {
			isa = PBXSourcesBuildPhase;
			buildActionMask = 2147483647;
			files = (
				1F348178A7AD1D8524E75D6C /* ActivityStore.swift in Sources */,
				3F0866DB0CBEB275345C0CD6 /* ActivityTabView.swift in Sources */,
				523A5C1D609E1EDF7B51D22F /* AgentChatView.swift in Sources */,
				97B14B311159D1A57592E39D /* AgentDetailView.swift in Sources */,
				EDEE944E924A43F3625E1520 /* AgentListView.swift in Sources */,
				6BD4146EF98C560B4A7D5E92 /* AgentStore.swift in Sources */,
				71E1E3B0390FC905A1A49E9E /* AppRootView.swift in Sources */,
				3B6946528DB14D3C035B7DE7 /* AuthManager.swift in Sources */,
				DBAA6AE72AF66FB300E1E9E5 /* BoardSelectorView.swift in Sources */,
				AB6AA8474D122A95BEDEB1C2 /* BoardSettingsView.swift in Sources */,
				0B6E7A3E3D571DEABC12BEB6 /* BoardStore.swift in Sources */,
				21D89807EC0765DC2A1A912B /* ChatStore.swift in Sources */,
				449208A20B7DB322EB1FBB02 /* CompactTabView.swift in Sources */,
				9D069CF0373D838C69C00D52 /* ConnectionStatusView.swift in Sources */,
				CE9E0E36C8165EDABD856F3F /* ConvexClientManager.swift in Sources */,
				0A2D1E1CF8E850795FB84DB8 /* CreateTaskView.swift in Sources */,
				0CA44DF96BD3BBF07B6E912F /* DeepLinkHandler.swift in Sources */,
				C6B60A679AED41DA53A59696 /* Enums.swift in Sources */,
				CEB6B7E231169282AB488840 /* ExecutionPlanView.swift in Sources */,
				2BFC3F20BCD507AA30D261AD /* FilesTabView.swift in Sources */,
				84AEE806DC8FE7C5AA03C542 /* KanbanBoardView.swift in Sources */,
				F6508B4A5CE5EF81F6B52D91 /* KanbanColumnView.swift in Sources */,
				9F47B09A646A355B4826B0AE /* KeychainManager.swift in Sources */,
				A95C326044FB781873D1189A /* LoginView.swift in Sources */,
				2D5C15359D655F8CE9E34E7C /* MCActivity.swift in Sources */,
				1F25B05F4B5BC0F98762AC67 /* MCAgent.swift in Sources */,
				0135111E2FFB358AAD3B443E /* MCApp.swift in Sources */,
				603F06D874F374958D997BB0 /* MCBoard.swift in Sources */,
				88265FD79FEE6439ACB1A331 /* MCChat.swift in Sources */,
				6066E7D5E5A409C20F4A4528 /* MCFile.swift in Sources */,
				5D782997B5A999FAF1D9A5A0 /* MCMessage.swift in Sources */,
				4B92F35640E88B2FB8E03DC9 /* MCSetting.swift in Sources */,
				FF394C0B551C6A37A4B39364 /* MCStep.swift in Sources */,
				FE919E25CBE1E9A09B45576E /* MCTag.swift in Sources */,
				9ECBEAD50DA0233CCC484A16 /* MCTask.swift in Sources */,
				08DF77EC59AA6455698ADF31 /* MessageStore.swift in Sources */,
				17ECEE41288A55A6DC12C4C3 /* ModelTierSettingsView.swift in Sources */,
				7C689C05DF7B4294DA780699 /* NotificationManager.swift in Sources */,
				D9312E96ED70246FEFB36BA5 /* SettingsStore.swift in Sources */,
				6C04B6D37B86358604C53609 /* SettingsView.swift in Sources */,
				958B530340E77FD1A31B5C5D /* SplitNavView.swift in Sources */,
				1871C0A7827040FCB23DBC2A /* StepCardView.swift in Sources */,
				6C826C931F77B3D029B80783 /* StepStore.swift in Sources */,
				073C2BADF79FD9091C6809BA /* TagFilterBar.swift in Sources */,
				22F690D34C64649C24EC6D8E /* TagSettingsView.swift in Sources */,
				271690197E46C114A62F4D7F /* TagStore.swift in Sources */,
				1250A3756CAEFE36702D061E /* TaskActionsMenu.swift in Sources */,
				C136EBDEE37454A77AF79CEB /* TaskCardView.swift in Sources */,
				6F5DD4A24002EA0AAE5AFEDC /* TaskDetailView.swift in Sources */,
				1A44E4F41F589C8A4CC235F3 /* TaskStore.swift in Sources */,
				9C70C62A06F4239BDD92826E /* ThreadInputView.swift in Sources */,
				1302AA959216014E5929BAD3 /* ThreadMessageView.swift in Sources */,
				AE85FAE923E4725BF6C4F1AE /* ThreadView.swift in Sources */,
			);
			runOnlyForDeploymentPostprocessing = 0;
		};
/* End PBXSourcesBuildPhase section */

/* Begin XCBuildConfiguration section */
		1B5C4A6A1B7CE9EBE1B91095 /* Release */ = {
			isa = XCBuildConfiguration;
			buildSettings = {
				ALWAYS_SEARCH_USER_PATHS = NO;
				CLANG_ANALYZER_NONNULL = YES;
				CLANG_ANALYZER_NUMBER_OBJECT_CONVERSION = YES_AGGRESSIVE;
				CLANG_CXX_LANGUAGE_STANDARD = "gnu++14";
				CLANG_CXX_LIBRARY = "libc++";
				CLANG_ENABLE_MODULES = YES;
				CLANG_ENABLE_OBJC_ARC = YES;
				CLANG_ENABLE_OBJC_WEAK = YES;
				CLANG_WARN_BLOCK_CAPTURE_AUTORELEASING = YES;
				CLANG_WARN_BOOL_CONVERSION = YES;
				CLANG_WARN_COMMA = YES;
				CLANG_WARN_CONSTANT_CONVERSION = YES;
				CLANG_WARN_DEPRECATED_OBJC_IMPLEMENTATIONS = YES;
				CLANG_WARN_DIRECT_OBJC_ISA_USAGE = YES_ERROR;
				CLANG_WARN_DOCUMENTATION_COMMENTS = YES;
				CLANG_WARN_EMPTY_BODY = YES;
				CLANG_WARN_ENUM_CONVERSION = YES;
				CLANG_WARN_INFINITE_RECURSION = YES;
				CLANG_WARN_INT_CONVERSION = YES;
				CLANG_WARN_NON_LITERAL_NULL_CONVERSION = YES;
				CLANG_WARN_OBJC_IMPLICIT_RETAIN_SELF = YES;
				CLANG_WARN_OBJC_LITERAL_CONVERSION = YES;
				CLANG_WARN_OBJC_ROOT_CLASS = YES_ERROR;
				CLANG_WARN_QUOTED_INCLUDE_IN_FRAMEWORK_HEADER = YES;
				CLANG_WARN_RANGE_LOOP_ANALYSIS = YES;
				CLANG_WARN_STRICT_PROTOTYPES = YES;
				CLANG_WARN_SUSPICIOUS_MOVE = YES;
				CLANG_WARN_UNGUARDED_AVAILABILITY = YES_AGGRESSIVE;
				CLANG_WARN_UNREACHABLE_CODE = YES;
				CLANG_WARN__DUPLICATE_METHOD_MATCH = YES;
				COPY_PHASE_STRIP = NO;
				DEBUG_INFORMATION_FORMAT = "dwarf-with-dsym";
				ENABLE_NS_ASSERTIONS = NO;
				ENABLE_STRICT_OBJC_MSGSEND = YES;
				GCC_C_LANGUAGE_STANDARD = gnu11;
				GCC_NO_COMMON_BLOCKS = YES;
				GCC_WARN_64_TO_32_BIT_CONVERSION = YES;
				GCC_WARN_ABOUT_RETURN_TYPE = YES_ERROR;
				GCC_WARN_UNDECLARED_SELECTOR = YES;
				GCC_WARN_UNINITIALIZED_AUTOS = YES_AGGRESSIVE;
				GCC_WARN_UNUSED_FUNCTION = YES;
				GCC_WARN_UNUSED_VARIABLE = YES;
				IPHONEOS_DEPLOYMENT_TARGET = 26.0;
				MACOSX_DEPLOYMENT_TARGET = 26.0;
				MTL_ENABLE_DEBUG_INFO = NO;
				MTL_FAST_MATH = YES;
				PRODUCT_NAME = "$(TARGET_NAME)";
				SWIFT_COMPILATION_MODE = wholemodule;
				SWIFT_OPTIMIZATION_LEVEL = "-O";
				SWIFT_STRICT_CONCURRENCY = complete;
				SWIFT_VERSION = 6.0;
			};
			name = Release;
		};
		6575862059A0DB082401A6BB /* Debug */ = {
			isa = XCBuildConfiguration;
			buildSettings = {
				ASSETCATALOG_COMPILER_APPICON_NAME = AppIcon;
				ASSETCATALOG_COMPILER_GLOBAL_ACCENT_COLOR_NAME = AccentColor;
				CODE_SIGN_ENTITLEMENTS = Sources/MissionControl/MissionControl.entitlements;
				CODE_SIGN_IDENTITY = "iPhone Developer";
				CODE_SIGN_STYLE = Automatic;
				CURRENT_PROJECT_VERSION = 1;
				DEVELOPMENT_TEAM = "";
				INFOPLIST_KEY_CFBundleDisplayName = "Mission Control";
				INFOPLIST_KEY_LSApplicationCategoryType = "public.app-category.developer-tools";
				LD_RUNPATH_SEARCH_PATHS = (
					"$(inherited)",
					"@executable_path/Frameworks",
				);
				MARKETING_VERSION = 1.0.0;
				PRODUCT_BUNDLE_IDENTIFIER = com.nanobot.missioncontrol;
				PRODUCT_NAME = MissionControl;
				SDKROOT = iphoneos;
				SWIFT_ACTIVE_COMPILATION_CONDITIONS = DEBUG;
				TARGETED_DEVICE_FAMILY = "1,2";
			};
			name = Debug;
		};
		A0C9CBDC3F5D2E021AA2C810 /* Debug */ = {
			isa = XCBuildConfiguration;
			buildSettings = {
				ALWAYS_SEARCH_USER_PATHS = NO;
				CLANG_ANALYZER_NONNULL = YES;
				CLANG_ANALYZER_NUMBER_OBJECT_CONVERSION = YES_AGGRESSIVE;
				CLANG_CXX_LANGUAGE_STANDARD = "gnu++14";
				CLANG_CXX_LIBRARY = "libc++";
				CLANG_ENABLE_MODULES = YES;
				CLANG_ENABLE_OBJC_ARC = YES;
				CLANG_ENABLE_OBJC_WEAK = YES;
				CLANG_WARN_BLOCK_CAPTURE_AUTORELEASING = YES;
				CLANG_WARN_BOOL_CONVERSION = YES;
				CLANG_WARN_COMMA = YES;
				CLANG_WARN_CONSTANT_CONVERSION = YES;
				CLANG_WARN_DEPRECATED_OBJC_IMPLEMENTATIONS = YES;
				CLANG_WARN_DIRECT_OBJC_ISA_USAGE = YES_ERROR;
				CLANG_WARN_DOCUMENTATION_COMMENTS = YES;
				CLANG_WARN_EMPTY_BODY = YES;
				CLANG_WARN_ENUM_CONVERSION = YES;
				CLANG_WARN_INFINITE_RECURSION = YES;
				CLANG_WARN_INT_CONVERSION = YES;
				CLANG_WARN_NON_LITERAL_NULL_CONVERSION = YES;
				CLANG_WARN_OBJC_IMPLICIT_RETAIN_SELF = YES;
				CLANG_WARN_OBJC_LITERAL_CONVERSION = YES;
				CLANG_WARN_OBJC_ROOT_CLASS = YES_ERROR;
				CLANG_WARN_QUOTED_INCLUDE_IN_FRAMEWORK_HEADER = YES;
				CLANG_WARN_RANGE_LOOP_ANALYSIS = YES;
				CLANG_WARN_STRICT_PROTOTYPES = YES;
				CLANG_WARN_SUSPICIOUS_MOVE = YES;
				CLANG_WARN_UNGUARDED_AVAILABILITY = YES_AGGRESSIVE;
				CLANG_WARN_UNREACHABLE_CODE = YES;
				CLANG_WARN__DUPLICATE_METHOD_MATCH = YES;
				COPY_PHASE_STRIP = NO;
				DEBUG_INFORMATION_FORMAT = dwarf;
				ENABLE_STRICT_OBJC_MSGSEND = YES;
				ENABLE_TESTABILITY = YES;
				GCC_C_LANGUAGE_STANDARD = gnu11;
				GCC_DYNAMIC_NO_PIC = NO;
				GCC_NO_COMMON_BLOCKS = YES;
				GCC_OPTIMIZATION_LEVEL = 0;
				GCC_PREPROCESSOR_DEFINITIONS = (
					"$(inherited)",
					"DEBUG=1",
				);
				GCC_WARN_64_TO_32_BIT_CONVERSION = YES;
				GCC_WARN_ABOUT_RETURN_TYPE = YES_ERROR;
				GCC_WARN_UNDECLARED_SELECTOR = YES;
				GCC_WARN_UNINITIALIZED_AUTOS = YES_AGGRESSIVE;
				GCC_WARN_UNUSED_FUNCTION = YES;
				GCC_WARN_UNUSED_VARIABLE = YES;
				IPHONEOS_DEPLOYMENT_TARGET = 26.0;
				MACOSX_DEPLOYMENT_TARGET = 26.0;
				MTL_ENABLE_DEBUG_INFO = INCLUDE_SOURCE;
				MTL_FAST_MATH = YES;
				ONLY_ACTIVE_ARCH = YES;
				PRODUCT_NAME = "$(TARGET_NAME)";
				SWIFT_ACTIVE_COMPILATION_CONDITIONS = DEBUG;
				SWIFT_OPTIMIZATION_LEVEL = "-Onone";
				SWIFT_STRICT_CONCURRENCY = complete;
				SWIFT_VERSION = 6.0;
			};
			name = Debug;
		};
		B4077FA206BB3A4CE97A9171 /* Debug */ = {
			isa = XCBuildConfiguration;
			buildSettings = {
				ASSETCATALOG_COMPILER_APPICON_NAME = AppIcon;
				ASSETCATALOG_COMPILER_GLOBAL_ACCENT_COLOR_NAME = AccentColor;
				CODE_SIGN_ENTITLEMENTS = Sources/MissionControl/MissionControl.entitlements;
				CODE_SIGN_STYLE = Automatic;
				COMBINE_HIDPI_IMAGES = YES;
				CURRENT_PROJECT_VERSION = 1;
				DEVELOPMENT_TEAM = "";
				INFOPLIST_KEY_CFBundleDisplayName = "Mission Control";
				INFOPLIST_KEY_LSApplicationCategoryType = "public.app-category.developer-tools";
				LD_RUNPATH_SEARCH_PATHS = (
					"$(inherited)",
					"@executable_path/../Frameworks",
				);
				MARKETING_VERSION = 1.0.0;
				PRODUCT_BUNDLE_IDENTIFIER = com.nanobot.missioncontrol;
				PRODUCT_NAME = MissionControl;
				SDKROOT = macosx;
				SWIFT_ACTIVE_COMPILATION_CONDITIONS = DEBUG;
			};
			name = Debug;
		};
		DFCF5A81C32705B29E7AED2D /* Release */ = {
			isa = XCBuildConfiguration;
			buildSettings = {
				ASSETCATALOG_COMPILER_APPICON_NAME = AppIcon;
				ASSETCATALOG_COMPILER_GLOBAL_ACCENT_COLOR_NAME = AccentColor;
				CODE_SIGN_ENTITLEMENTS = Sources/MissionControl/MissionControl.entitlements;
				CODE_SIGN_STYLE = Automatic;
				COMBINE_HIDPI_IMAGES = YES;
				CURRENT_PROJECT_VERSION = 1;
				DEVELOPMENT_TEAM = "";
				INFOPLIST_KEY_CFBundleDisplayName = "Mission Control";
				INFOPLIST_KEY_LSApplicationCategoryType = "public.app-category.developer-tools";
				LD_RUNPATH_SEARCH_PATHS = (
					"$(inherited)",
					"@executable_path/../Frameworks",
				);
				MARKETING_VERSION = 1.0.0;
				PRODUCT_BUNDLE_IDENTIFIER = com.nanobot.missioncontrol;
				PRODUCT_NAME = MissionControl;
				SDKROOT = macosx;
				SWIFT_OPTIMIZATION_LEVEL = "-O";
			};
			name = Release;
		};
		F47C721A2641BC9D71CFBA3A /* Release */ = {
			isa = XCBuildConfiguration;
			buildSettings = {
				ASSETCATALOG_COMPILER_APPICON_NAME = AppIcon;
				ASSETCATALOG_COMPILER_GLOBAL_ACCENT_COLOR_NAME = AccentColor;
				CODE_SIGN_ENTITLEMENTS = Sources/MissionControl/MissionControl.entitlements;
				CODE_SIGN_IDENTITY = "iPhone Developer";
				CODE_SIGN_STYLE = Automatic;
				CURRENT_PROJECT_VERSION = 1;
				DEVELOPMENT_TEAM = "";
				INFOPLIST_KEY_CFBundleDisplayName = "Mission Control";
				INFOPLIST_KEY_LSApplicationCategoryType = "public.app-category.developer-tools";
				LD_RUNPATH_SEARCH_PATHS = (
					"$(inherited)",
					"@executable_path/Frameworks",
				);
				MARKETING_VERSION = 1.0.0;
				PRODUCT_BUNDLE_IDENTIFIER = com.nanobot.missioncontrol;
				PRODUCT_NAME = MissionControl;
				SDKROOT = iphoneos;
				SWIFT_OPTIMIZATION_LEVEL = "-O";
				TARGETED_DEVICE_FAMILY = "1,2";
			};
			name = Release;
		};
/* End XCBuildConfiguration section */

/* Begin XCConfigurationList section */
		72E27D44675D1D6FE7870DB8 /* Build configuration list for PBXNativeTarget "MissionControl_iOS" */ = {
			isa = XCConfigurationList;
			buildConfigurations = (
				6575862059A0DB082401A6BB /* Debug */,
				F47C721A2641BC9D71CFBA3A /* Release */,
			);
			defaultConfigurationIsVisible = 0;
			defaultConfigurationName = Debug;
		};
		8C1F7F86B5C4EE31C4481277 /* Build configuration list for PBXNativeTarget "MissionControl_macOS" */ = {
			isa = XCConfigurationList;
			buildConfigurations = (
				B4077FA206BB3A4CE97A9171 /* Debug */,
				DFCF5A81C32705B29E7AED2D /* Release */,
			);
			defaultConfigurationIsVisible = 0;
			defaultConfigurationName = Debug;
		};
		E702C94A16BB968CFA62C192 /* Build configuration list for PBXProject "MissionControl" */ = {
			isa = XCConfigurationList;
			buildConfigurations = (
				A0C9CBDC3F5D2E021AA2C810 /* Debug */,
				1B5C4A6A1B7CE9EBE1B91095 /* Release */,
			);
			defaultConfigurationIsVisible = 0;
			defaultConfigurationName = Debug;
		};
/* End XCConfigurationList section */

/* Begin XCRemoteSwiftPackageReference section */
		CF71F329CADB56612197D038 /* XCRemoteSwiftPackageReference "convex-swift" */ = {
			isa = XCRemoteSwiftPackageReference;
			repositoryURL = "https://github.com/get-convex/convex-swift";
			requirement = {
				kind = upToNextMajorVersion;
				minimumVersion = 0.8.1;
			};
		};
/* End XCRemoteSwiftPackageReference section */

/* Begin XCSwiftPackageProductDependency section */
		56583CEBF8353FD19CFDB520 /* ConvexMobile */ = {
			isa = XCSwiftPackageProductDependency;
			package = CF71F329CADB56612197D038 /* XCRemoteSwiftPackageReference "convex-swift" */;
			productName = ConvexMobile;
		};
		B7AB3042703F07B347BB528C /* ConvexMobile */ = {
			isa = XCSwiftPackageProductDependency;
			package = CF71F329CADB56612197D038 /* XCRemoteSwiftPackageReference "convex-swift" */;
			productName = ConvexMobile;
		};
/* End XCSwiftPackageProductDependency section */
	};
	rootObject = 208D6E4BAFD27F4031F64A88 /* Project object */;
}
